// !$*UTF8*$!
{
	archiveVersion = 1;
	classes = {
	};
	objectVersion = 77;
	objects = {

/* Begin PBXBuildFile section */
		742A697430019D29004A94F8 /* FirebaseAuth in Frameworks */ = {isa = PBXBuildFile; productRef = 742A697330019D29004A94F8 /* FirebaseAuth */; };
		742A697630019D29004A94F8 /* FirebaseFirestore in Frameworks */ = {isa = PBXBuildFile; productRef = 742A697530019D29004A94F8 /* FirebaseFirestore */; };
		74693FC9300C80C800B0979A /* WidgetKit.framework in Frameworks */ = {isa = PBXBuildFile; fileRef = 74693FC8300C80C800B0979A /* WidgetKit.framework */; };
		74693FCB300C80C800B0979A /* SwiftUI.framework in Frameworks */ = {isa = PBXBuildFile; fileRef = 74693FCA300C80C800B0979A /* SwiftUI.framework */; };
		74693FD8300C80C900B0979A /* KaimonoListWidgetExtension.appex in Embed Foundation Extensions */ = {isa = PBXBuildFile; fileRef = 74693FC7300C80C800B0979A /* KaimonoListWidgetExtension.appex */; settings = {ATTRIBUTES = (RemoveHeadersOnCopy, ); }; };
		747B62733002EBA0006FB049 /* FirebaseMessaging in Frameworks */ = {isa = PBXBuildFile; productRef = 747B62723002EBA0006FB049 /* FirebaseMessaging */; };
/* End PBXBuildFile section */

/* Begin PBXContainerItemProxy section */
		742A69983001B2A1004A94F8 /* PBXContainerItemProxy */ = {
			isa = PBXContainerItemProxy;
			containerPortal = 742A695C30019BD5004A94F8 /* Project object */;
			proxyType = 1;
			remoteGlobalIDString = 742A696330019BD5004A94F8;
			remoteInfo = KaimonoList;
		};
		74693FD6300C80C900B0979A /* PBXContainerItemProxy */ = {
			isa = PBXContainerItemProxy;
			containerPortal = 742A695C30019BD5004A94F8 /* Project object */;
			proxyType = 1;
			remoteGlobalIDString = 74693FC6300C80C800B0979A;
			remoteInfo = KaimonoListWidgetExtension;
		};
/* End PBXContainerItemProxy section */

/* Begin PBXCopyFilesBuildPhase section */
		74693FDD300C80C900B0979A /* Embed Foundation Extensions */ = {
			isa = PBXCopyFilesBuildPhase;
			buildActionMask = 2147483647;
			dstPath = "";
			dstSubfolderSpec = 13;
			files = (
				74693FD8300C80C900B0979A /* KaimonoListWidgetExtension.appex in Embed Foundation Extensions */,
			);
			name = "Embed Foundation Extensions";
			runOnlyForDeploymentPostprocessing = 0;
		};
/* End PBXCopyFilesBuildPhase section */

/* Begin PBXFileReference section */
		742A696430019BD5004A94F8 /* KaimonoList.app */ = {isa = PBXFileReference; explicitFileType = wrapper.application; includeInIndex = 0; path = KaimonoList.app; sourceTree = BUILT_PRODUCTS_DIR; };
		742A69943001B2A1004A94F8 /* KaimonoListTests.xctest */ = {isa = PBXFileReference; explicitFileType = wrapper.cfbundle; includeInIndex = 0; path = KaimonoListTests.xctest; sourceTree = BUILT_PRODUCTS_DIR; };
		74693FC7300C80C800B0979A /* KaimonoListWidgetExtension.appex */ = {isa = PBXFileReference; explicitFileType = "wrapper.app-extension"; includeInIndex = 0; path = KaimonoListWidgetExtension.appex; sourceTree = BUILT_PRODUCTS_DIR; };
		74693FC8300C80C800B0979A /* WidgetKit.framework */ = {isa = PBXFileReference; lastKnownFileType = wrapper.framework; name = WidgetKit.framework; path = System/Library/Frameworks/WidgetKit.framework; sourceTree = SDKROOT; };
		74693FCA300C80C800B0979A /* SwiftUI.framework */ = {isa = PBXFileReference; lastKnownFileType = wrapper.framework; name = SwiftUI.framework; path = System/Library/Frameworks/SwiftUI.framework; sourceTree = SDKROOT; };
		74693FDE300C819800B0979A /* KaimonoListWidgetExtension.entitlements */ = {isa = PBXFileReference; lastKnownFileType = text.plist.entitlements; path = KaimonoListWidgetExtension.entitlements; sourceTree = "<group>"; };
/* End PBXFileReference section */

/* Begin PBXFileSystemSynchronizedBuildFileExceptionSet section */
		74693FDC300C80C900B0979A /* Exceptions for "KaimonoListWidget" folder in "KaimonoListWidgetExtension" target */ = {
			isa = PBXFileSystemSynchronizedBuildFileExceptionSet;
			membershipExceptions = (
				Info.plist,
			);
			target = 74693FC6300C80C800B0979A /* KaimonoListWidgetExtension */;
		};
		74693FE0300C8E4100B0979A /* Exceptions for "KaimonoList" folder in "KaimonoListWidgetExtension" target */ = {
			isa = PBXFileSystemSynchronizedBuildFileExceptionSet;
			membershipExceptions = (
				SharedShoppingStore.swift,
			);
			target = 74693FC6300C80C800B0979A /* KaimonoListWidgetExtension */;
		};
		747B62753002EBDE006FB049 /* Exceptions for "KaimonoList" folder in "KaimonoList" target */ = {
			isa = PBXFileSystemSynchronizedBuildFileExceptionSet;
			membershipExceptions = (
				Info.plist,
			);
			target = 742A696330019BD5004A94F8 /* KaimonoList */;
		};
/* End PBXFileSystemSynchronizedBuildFileExceptionSet section */

/* Begin PBXFileSystemSynchronizedRootGroup section */
		742A696630019BD5004A94F8 /* KaimonoList */ = {
			isa = PBXFileSystemSynchronizedRootGroup;
			exceptions = (
				747B62753002EBDE006FB049 /* Exceptions for "KaimonoList" folder in "KaimonoList" target */,
				74693FE0300C8E4100B0979A /* Exceptions for "KaimonoList" folder in "KaimonoListWidgetExtension" target */,
			);
			path = KaimonoList;
			sourceTree = "<group>";
		};
		742A69953001B2A1004A94F8 /* KaimonoListTests */ = {
			isa = PBXFileSystemSynchronizedRootGroup;
			path = KaimonoListTests;
			sourceTree = "<group>";
		};
		74693FCC300C80C800B0979A /* KaimonoListWidget */ = {
			isa = PBXFileSystemSynchronizedRootGroup;
			exceptions = (
				74693FDC300C80C900B0979A /* Exceptions for "KaimonoListWidget" folder in "KaimonoListWidgetExtension" target */,
			);
			path = KaimonoListWidget;
			sourceTree = "<group>";
		};
/* End PBXFileSystemSynchronizedRootGroup section */

/* Begin PBXFrameworksBuildPhase section */
		742A696130019BD5004A94F8 /* Frameworks */ = {
			isa = PBXFrameworksBuildPhase;
			buildActionMask = 2147483647;
			files = (
				747B62733002EBA0006FB049 /* FirebaseMessaging in Frameworks */,
				742A697430019D29004A94F8 /* FirebaseAuth in Frameworks */,
				742A697630019D29004A94F8 /* FirebaseFirestore in Frameworks */,
			);
			runOnlyForDeploymentPostprocessing = 0;
		};
		742A69913001B2A1004A94F8 /* Frameworks */ = {
			isa = PBXFrameworksBuildPhase;
			buildActionMask = 2147483647;
			files = (
			);
			runOnlyForDeploymentPostprocessing = 0;
		};
		74693FC4300C80C800B0979A /* Frameworks */ = {
			isa = PBXFrameworksBuildPhase;
			buildActionMask = 2147483647;
			files = (
				74693FCB300C80C800B0979A /* SwiftUI.framework in Frameworks */,
				74693FC9300C80C800B0979A /* WidgetKit.framework in Frameworks */,
			);
			runOnlyForDeploymentPostprocessing = 0;
		};
/* End PBXFrameworksBuildPhase section */

/* Begin PBXGroup section */
		742A695B30019BD5004A94F8 = {
			isa = PBXGroup;
			children = (
				74693FDE300C819800B0979A /* KaimonoListWidgetExtension.entitlements */,
				742A696630019BD5004A94F8 /* KaimonoList */,
				742A69953001B2A1004A94F8 /* KaimonoListTests */,
				74693FCC300C80C800B0979A /* KaimonoListWidget */,
				747B62713002EBA0006FB049 /* Frameworks */,
				742A696530019BD5004A94F8 /* Products */,
			);
			sourceTree = "<group>";
		};
		742A696530019BD5004A94F8 /* Products */ = {
			isa = PBXGroup;
			children = (
				742A696430019BD5004A94F8 /* KaimonoList.app */,
				742A69943001B2A1004A94F8 /* KaimonoListTests.xctest */,
				74693FC7300C80C800B0979A /* KaimonoListWidgetExtension.appex */,
			);
			name = Products;
			sourceTree = "<group>";
		};
		747B62713002EBA0006FB049 /* Frameworks */ = {
			isa = PBXGroup;
			children = (
				74693FC8300C80C800B0979A /* WidgetKit.framework */,
				74693FCA300C80C800B0979A /* SwiftUI.framework */,
			);
			name = Frameworks;
			sourceTree = "<group>";
		};
/* End PBXGroup section */

/* Begin PBXNativeTarget section */
		742A696330019BD5004A94F8 /* KaimonoList */ = {
			isa = PBXNativeTarget;
			buildConfigurationList = 742A696F30019BD6004A94F8 /* Build configuration list for PBXNativeTarget "KaimonoList" */;
			buildPhases = (
				742A696030019BD5004A94F8 /* Sources */,
				742A696130019BD5004A94F8 /* Frameworks */,
				742A696230019BD5004A94F8 /* Resources */,
				74693FDD300C80C900B0979A /* Embed Foundation Extensions */,
			);
			buildRules = (
			);
			dependencies = (
				74693FD7300C80C900B0979A /* PBXTargetDependency */,
			);
			fileSystemSynchronizedGroups = (
				742A696630019BD5004A94F8 /* KaimonoList */,
			);
			name = KaimonoList;
			packageProductDependencies = (
				742A697330019D29004A94F8 /* FirebaseAuth */,
				742A697530019D29004A94F8 /* FirebaseFirestore */,
				747B62723002EBA0006FB049 /* FirebaseMessaging */,
			);
			productName = KaimonoList;
			productReference = 742A696430019BD5004A94F8 /* KaimonoList.app */;
			productType = "com.apple.product-type.application";
		};
		742A69933001B2A1004A94F8 /* KaimonoListTests */ = {
			isa = PBXNativeTarget;
			buildConfigurationList = 742A699A3001B2A1004A94F8 /* Build configuration list for PBXNativeTarget "KaimonoListTests" */;
			buildPhases = (
				742A69903001B2A1004A94F8 /* Sources */,
				742A69913001B2A1004A94F8 /* Frameworks */,
				742A69923001B2A1004A94F8 /* Resources */,
			);
			buildRules = (
			);
			dependencies = (
				742A69993001B2A1004A94F8 /* PBXTargetDependency */,
			);
			fileSystemSynchronizedGroups = (
				742A69953001B2A1004A94F8 /* KaimonoListTests */,
			);
			name = KaimonoListTests;
			packageProductDependencies = (
			);
			productName = KaimonoListTests;
			productReference = 742A69943001B2A1004A94F8 /* KaimonoListTests.xctest */;
			productType = "com.apple.product-type.bundle.unit-test";
		};
		74693FC6300C80C800B0979A /* KaimonoListWidgetExtension */ = {
			isa = PBXNativeTarget;
			buildConfigurationList = 74693FD9300C80C900B0979A /* Build configuration list for PBXNativeTarget "KaimonoListWidgetExtension" */;
			buildPhases = (
				74693FC3300C80C800B0979A /* Sources */,
				74693FC4300C80C800B0979A /* Frameworks */,
				74693FC5300C80C800B0979A /* Resources */,
			);
			buildRules = (
			);
			dependencies = (
			);
			fileSystemSynchronizedGroups = (
				74693FCC300C80C800B0979A /* KaimonoListWidget */,
			);
			name = KaimonoListWidgetExtension;
			packageProductDependencies = (
			);
			productName = KaimonoListWidgetExtension;
			productReference = 74693FC7300C80C800B0979A /* KaimonoListWidgetExtension.appex */;
			productType = "com.apple.product-type.app-extension";
		};
/* End PBXNativeTarget section */

/* Begin PBXProject section */
		742A695C30019BD5004A94F8 /* Project object */ = {
			isa = PBXProject;
			attributes = {
				BuildIndependentTargetsInParallel = 1;
				LastSwiftUpdateCheck = 2660;
				LastUpgradeCheck = 2660;
				TargetAttributes = {
					742A696330019BD5004A94F8 = {
						CreatedOnToolsVersion = 26.6;
					};
					742A69933001B2A1004A94F8 = {
						CreatedOnToolsVersion = 26.6;
						TestTargetID = 742A696330019BD5004A94F8;
					};
					74693FC6300C80C800B0979A = {
						CreatedOnToolsVersion = 26.6;
					};
				};
			};
			buildConfigurationList = 742A695F30019BD5004A94F8 /* Build configuration list for PBXProject "KaimonoList" */;
			developmentRegion = en;
			hasScannedForEncodings = 0;
			knownRegions = (
				en,
				Base,
			);
			mainGroup = 742A695B30019BD5004A94F8;
			minimizedProjectReferenceProxies = 1;
			packageReferences = (
				742A697230019D29004A94F8 /* XCRemoteSwiftPackageReference "firebase-ios-sdk" */,
			);
			preferredProjectObjectVersion = 77;
			productRefGroup = 742A696530019BD5004A94F8 /* Products */;
			projectDirPath = "";
			projectRoot = "";
			targets = (
				742A696330019BD5004A94F8 /* KaimonoList */,
				742A69933001B2A1004A94F8 /* KaimonoListTests */,
				74693FC6300C80C800B0979A /* KaimonoListWidgetExtension */,
			);
		};
/* End PBXProject section */

/* Begin PBXResourcesBuildPhase section */
		742A696230019BD5004A94F8 /* Resources */ = {
			isa = PBXResourcesBuildPhase;
			buildActionMask = 2147483647;
			files = (
			);
			runOnlyForDeploymentPostprocessing = 0;
		};
		742A69923001B2A1004A94F8 /* Resources */ = {
			isa = PBXResourcesBuildPhase;
			buildActionMask = 2147483647;
			files = (
			);
			runOnlyForDeploymentPostprocessing = 0;
		};
		74693FC5300C80C800B0979A /* Resources */ = {
			isa = PBXResourcesBuildPhase;
			buildActionMask = 2147483647;
			files = (
			);
			runOnlyForDeploymentPostprocessing = 0;
		};
/* End PBXResourcesBuildPhase section */

/* Begin PBXSourcesBuildPhase section */
		742A696030019BD5004A94F8 /* Sources */ = {
			isa = PBXSourcesBuildPhase;
			buildActionMask = 2147483647;
			files = (
			);
			runOnlyForDeploymentPostprocessing = 0;
		};
		742A69903001B2A1004A94F8 /* Sources */ = {
			isa = PBXSourcesBuildPhase;
			buildActionMask = 2147483647;
			files = (
			);
			runOnlyForDeploymentPostprocessing = 0;
		};
		74693FC3300C80C800B0979A /* Sources */ = {
			isa = PBXSourcesBuildPhase;
			buildActionMask = 2147483647;
			files = (
			);
			runOnlyForDeploymentPostprocessing = 0;
		};
/* End PBXSourcesBuildPhase section */

/* Begin PBXTargetDependency section */
		742A69993001B2A1004A94F8 /* PBXTargetDependency */ = {
			isa = PBXTargetDependency;
			target = 742A696330019BD5004A94F8 /* KaimonoList */;
			targetProxy = 742A69983001B2A1004A94F8 /* PBXContainerItemProxy */;
		};
		74693FD7300C80C900B0979A /* PBXTargetDependency */ = {
			isa = PBXTargetDependency;
			target = 74693FC6300C80C800B0979A /* KaimonoListWidgetExtension */;
			targetProxy = 74693FD6300C80C900B0979A /* PBXContainerItemProxy */;
		};
/* End PBXTargetDependency section */

/* Begin XCBuildConfiguration section */
		742A696D30019BD6004A94F8 /* Debug */ = {
			isa = XCBuildConfiguration;
			buildSettings = {
				ALWAYS_SEARCH_USER_PATHS = NO;
				ASSETCATALOG_COMPILER_GENERATE_SWIFT_ASSET_SYMBOL_EXTENSIONS = YES;
				CLANG_ANALYZER_NONNULL = YES;
				CLANG_ANALYZER_NUMBER_OBJECT_CONVERSION = YES_AGGRESSIVE;
				CLANG_CXX_LANGUAGE_STANDARD = "gnu++20";
				CLANG_ENABLE_MODULES = YES;
				CLANG_ENABLE_OBJC_ARC = YES;
				CLANG_ENABLE_OBJC_WEAK = YES;
				CLANG_WARN_BLOCK_CAPTURE_AUTORELEASING = YES;
				CLANG_WARN_BOOL_CONVERSION = YES;
				CLANG_WARN_COMMA = YES;
				CLANG_WARN_CONSTANT_CONVERSION = YES;
				CLANG_WARN_DEPRECATED_OBJC_IMPLEMENTATIONS = YES;
				CLANG_WARN_DIRECT_OBJC_ISA_USAGE = YES_ERROR;
				CLANG_WARN_DOCUMENTATION_COMMENTS = YES;
				CLANG_WARN_EMPTY_BODY = YES;
				CLANG_WARN_ENUM_CONVERSION = YES;
				CLANG_WARN_INFINITE_RECURSION = YES;
				CLANG_WARN_INT_CONVERSION = YES;
				CLANG_WARN_NON_LITERAL_NULL_CONVERSION = YES;
				CLANG_WARN_OBJC_IMPLICIT_RETAIN_SELF = YES;
				CLANG_WARN_OBJC_LITERAL_CONVERSION = YES;
				CLANG_WARN_OBJC_ROOT_CLASS = YES_ERROR;
				CLANG_WARN_QUOTED_INCLUDE_IN_FRAMEWORK_HEADER = YES;
				CLANG_WARN_RANGE_LOOP_ANALYSIS = YES;
				CLANG_WARN_STRICT_PROTOTYPES = YES;
				CLANG_WARN_SUSPICIOUS_MOVE = YES;
				CLANG_WARN_UNGUARDED_AVAILABILITY = YES_AGGRESSIVE;
				CLANG_WARN_UNREACHABLE_CODE = YES;
				CLANG_WARN__DUPLICATE_METHOD_MATCH = YES;
				COPY_PHASE_STRIP = NO;
				DEBUG_INFORMATION_FORMAT = dwarf;
				ENABLE_STRICT_OBJC_MSGSEND = YES;
				ENABLE_TESTABILITY = YES;
				ENABLE_USER_SCRIPT_SANDBOXING = YES;
				GCC_C_LANGUAGE_STANDARD = gnu17;
				GCC_DYNAMIC_NO_PIC = NO;
				GCC_NO_COMMON_BLOCKS = YES;
				GCC_OPTIMIZATION_LEVEL = 0;
				GCC_PREPROCESSOR_DEFINITIONS = (
					"DEBUG=1",
					"$(inherited)",
				);
				GCC_WARN_64_TO_32_BIT_CONVERSION = YES;
				GCC_WARN_ABOUT_RETURN_TYPE = YES_ERROR;
				GCC_WARN_UNDECLARED_SELECTOR = YES;
				GCC_WARN_UNINITIALIZED_AUTOS = YES_AGGRESSIVE;
				GCC_WARN_UNUSED_FUNCTION = YES;
				GCC_WARN_UNUSED_VARIABLE = YES;
				INFOPLIST_KEY_CFBundleDisplayName = "買い物リスト";
				IPHONEOS_DEPLOYMENT_TARGET = 26.5;
				LOCALIZATION_PREFERS_STRING_CATALOGS = YES;
				MTL_ENABLE_DEBUG_INFO = INCLUDE_SOURCE;
				MTL_FAST_MATH = YES;
				ONLY_ACTIVE_ARCH = YES;
				SDKROOT = iphoneos;
				SWIFT_ACTIVE_COMPILATION_CONDITIONS = "DEBUG $(inherited)";
				SWIFT_OPTIMIZATION_LEVEL = "-Onone";
			};
			name = Debug;
		};
		742A696E30019BD6004A94F8 /* Release */ = {
			isa = XCBuildConfiguration;
			buildSettings = {
				ALWAYS_SEARCH_USER_PATHS = NO;
				ASSETCATALOG_COMPILER_GENERATE_SWIFT_ASSET_SYMBOL_EXTENSIONS = YES;
				CLANG_ANALYZER_NONNULL = YES;
				CLANG_ANALYZER_NUMBER_OBJECT_CONVERSION = YES_AGGRESSIVE;
				CLANG_CXX_LANGUAGE_STANDARD = "gnu++20";
				CLANG_ENABLE_MODULES = YES;
				CLANG_ENABLE_OBJC_ARC = YES;
				CLANG_ENABLE_OBJC_WEAK = YES;
				CLANG_WARN_BLOCK_CAPTURE_AUTORELEASING = YES;
				CLANG_WARN_BOOL_CONVERSION = YES;
				CLANG_WARN_COMMA = YES;
				CLANG_WARN_CONSTANT_CONVERSION = YES;
				CLANG_WARN_DEPRECATED_OBJC_IMPLEMENTATIONS = YES;
				CLANG_WARN_DIRECT_OBJC_ISA_USAGE = YES_ERROR;
				CLANG_WARN_DOCUMENTATION_COMMENTS = YES;
				CLANG_WARN_EMPTY_BODY = YES;
				CLANG_WARN_ENUM_CONVERSION = YES;
				CLANG_WARN_INFINITE_RECURSION = YES;
				CLANG_WARN_INT_CONVERSION = YES;
				CLANG_WARN_NON_LITERAL_NULL_CONVERSION = YES;
				CLANG_WARN_OBJC_IMPLICIT_RETAIN_SELF = YES;
				CLANG_WARN_OBJC_LITERAL_CONVERSION = YES;
				CLANG_WARN_OBJC_ROOT_CLASS = YES_ERROR;
				CLANG_WARN_QUOTED_INCLUDE_IN_FRAMEWORK_HEADER = YES;
				CLANG_WARN_RANGE_LOOP_ANALYSIS = YES;
				CLANG_WARN_STRICT_PROTOTYPES = YES;
				CLANG_WARN_SUSPICIOUS_MOVE = YES;
				CLANG_WARN_UNGUARDED_AVAILABILITY = YES_AGGRESSIVE;
				CLANG_WARN_UNREACHABLE_CODE = YES;
				CLANG_WARN__DUPLICATE_METHOD_MATCH = YES;
				COPY_PHASE_STRIP = NO;
				DEBUG_INFORMATION_FORMAT = "dwarf-with-dsym";
				ENABLE_NS_ASSERTIONS = NO;
				ENABLE_STRICT_OBJC_MSGSEND = YES;
				ENABLE_USER_SCRIPT_SANDBOXING = YES;
				GCC_C_LANGUAGE_STANDARD = gnu17;
				GCC_NO_COMMON_BLOCKS = YES;
				GCC_WARN_64_TO_32_BIT_CONVERSION = YES;
				GCC_WARN_ABOUT_RETURN_TYPE = YES_ERROR;
				GCC_WARN_UNDECLARED_SELECTOR = YES;
				GCC_WARN_UNINITIALIZED_AUTOS = YES_AGGRESSIVE;
				GCC_WARN_UNUSED_FUNCTION = YES;
				GCC_WARN_UNUSED_VARIABLE = YES;
				INFOPLIST_KEY_CFBundleDisplayName = "買い物リスト";
				IPHONEOS_DEPLOYMENT_TARGET = 26.5;
				LOCALIZATION_PREFERS_STRING_CATALOGS = YES;
				MTL_ENABLE_DEBUG_INFO = NO;
				MTL_FAST_MATH = YES;
				SDKROOT = iphoneos;
				SWIFT_COMPILATION_MODE = wholemodule;
				VALIDATE_PRODUCT = YES;
			};
			name = Release;
		};
		742A697030019BD6004A94F8 /* Debug */ = {
			isa = XCBuildConfiguration;
			buildSettings = {
				ASSETCATALOG_COMPILER_APPICON_NAME = AppIcon;
				ASSETCATALOG_COMPILER_GLOBAL_ACCENT_COLOR_NAME = AccentColor;
				CODE_SIGN_ENTITLEMENTS = KaimonoList/KaimonoList.entitlements;
				CODE_SIGN_IDENTITY = "Apple Development";
				CODE_SIGN_STYLE = Automatic;
				CURRENT_PROJECT_VERSION = 7;
				DEVELOPMENT_TEAM = H985296YAP;
				ENABLE_PREVIEWS = YES;
				GENERATE_INFOPLIST_FILE = YES;
				INFOPLIST_FILE = KaimonoList/Info.plist;
				INFOPLIST_KEY_CFBundleDisplayName = "買い物リスト";
				INFOPLIST_KEY_UIApplicationSceneManifest_Generation = YES;
				INFOPLIST_KEY_UIApplicationSupportsIndirectInputEvents = YES;
				INFOPLIST_KEY_UILaunchScreen_Generation = YES;
				INFOPLIST_KEY_UISupportedInterfaceOrientations_iPad = "UIInterfaceOrientationPortrait UIInterfaceOrientationPortraitUpsideDown UIInterfaceOrientationLandscapeLeft UIInterfaceOrientationLandscapeRight";
				INFOPLIST_KEY_UISupportedInterfaceOrientations_iPhone = "UIInterfaceOrientationPortrait UIInterfaceOrientationLandscapeLeft UIInterfaceOrientationLandscapeRight";
				IPHONEOS_DEPLOYMENT_TARGET = 17.0;
				LD_RUNPATH_SEARCH_PATHS = (
					"$(inherited)",
					"@executable_path/Frameworks",
				);
				MARKETING_VERSION = 1.03;
				PRODUCT_BUNDLE_IDENTIFIER = com.kawasoe.KaimonoList;
				PRODUCT_NAME = "$(TARGET_NAME)";
				PROVISIONING_PROFILE_SPECIFIER = "";
				STRING_CATALOG_GENERATE_SYMBOLS = YES;
				SUPPORTED_PLATFORMS = "iphoneos iphonesimulator";
				SUPPORTS_MACCATALYST = NO;
				SWIFT_APPROACHABLE_CONCURRENCY = YES;
				SWIFT_DEFAULT_ACTOR_ISOLATION = MainActor;
				SWIFT_EMIT_LOC_STRINGS = YES;
				SWIFT_UPCOMING_FEATURE_MEMBER_IMPORT_VISIBILITY = YES;
				SWIFT_VERSION = 5.0;
				TARGETED_DEVICE_FAMILY = 1;
			};
			name = Debug;
		};
		742A697130019BD6004A94F8 /* Release */ = {
			isa = XCBuildConfiguration;
			buildSettings = {
				ASSETCATALOG_COMPILER_APPICON_NAME = AppIcon;
				ASSETCATALOG_COMPILER_GLOBAL_ACCENT_COLOR_NAME = AccentColor;
				CODE_SIGN_ENTITLEMENTS = KaimonoList/KaimonoList.entitlements;
				CODE_SIGN_IDENTITY = "Apple Development";
				CODE_SIGN_STYLE = Automatic;
				CURRENT_PROJECT_VERSION = 7;
				DEVELOPMENT_TEAM = H985296YAP;
				ENABLE_PREVIEWS = YES;
				GENERATE_INFOPLIST_FILE = YES;
				INFOPLIST_FILE = KaimonoList/Info.plist;
				INFOPLIST_KEY_CFBundleDisplayName = "買い物リスト";
				INFOPLIST_KEY_UIApplicationSceneManifest_Generation = YES;
				INFOPLIST_KEY_UIApplicationSupportsIndirectInputEvents = YES;
				INFOPLIST_KEY_UILaunchScreen_Generation = YES;
				INFOPLIST_KEY_UISupportedInterfaceOrientations_iPad = "UIInterfaceOrientationPortrait UIInterfaceOrientationPortraitUpsideDown UIInterfaceOrientationLandscapeLeft UIInterfaceOrientationLandscapeRight";
				INFOPLIST_KEY_UISupportedInterfaceOrientations_iPhone = "UIInterfaceOrientationPortrait UIInterfaceOrientationLandscapeLeft UIInterfaceOrientationLandscapeRight";
				IPHONEOS_DEPLOYMENT_TARGET = 17.0;
				LD_RUNPATH_SEARCH_PATHS = (
					"$(inherited)",
					"@executable_path/Frameworks",
				);
				MARKETING_VERSION = 1.03;
				PRODUCT_BUNDLE_IDENTIFIER = com.kawasoe.KaimonoList;
				PRODUCT_NAME = "$(TARGET_NAME)";
				PROVISIONING_PROFILE_SPECIFIER = "";
				STRING_CATALOG_GENERATE_SYMBOLS = YES;
				SUPPORTED_PLATFORMS = "iphoneos iphonesimulator";
				SUPPORTS_MACCATALYST = NO;
				SWIFT_APPROACHABLE_CONCURRENCY = YES;
				SWIFT_DEFAULT_ACTOR_ISOLATION = MainActor;
				SWIFT_EMIT_LOC_STRINGS = YES;
				SWIFT_UPCOMING_FEATURE_MEMBER_IMPORT_VISIBILITY = YES;
				SWIFT_VERSION = 5.0;
				TARGETED_DEVICE_FAMILY = 1;
			};
			name = Release;
		};
		742A699B3001B2A1004A94F8 /* Debug */ = {
			isa = XCBuildConfiguration;
			buildSettings = {
				BUNDLE_LOADER = "$(TEST_HOST)";
				CODE_SIGN_STYLE = Automatic;
				CURRENT_PROJECT_VERSION = 1;
				DEVELOPMENT_TEAM = H985296YAP;
				GENERATE_INFOPLIST_FILE = YES;
				MARKETING_VERSION = 1.0;
				PRODUCT_BUNDLE_IDENTIFIER = com.kawasoe.KaimonoListTests;
				PRODUCT_NAME = "$(TARGET_NAME)";
				STRING_CATALOG_GENERATE_SYMBOLS = NO;
				SWIFT_APPROACHABLE_CONCURRENCY = YES;
				SWIFT_EMIT_LOC_STRINGS = NO;
				SWIFT_UPCOMING_FEATURE_MEMBER_IMPORT_VISIBILITY = YES;
				SWIFT_VERSION = 5.0;
				TARGETED_DEVICE_FAMILY = "1,2";
				TEST_HOST = "$(BUILT_PRODUCTS_DIR)/KaimonoList.app/$(BUNDLE_EXECUTABLE_FOLDER_PATH)/KaimonoList";
			};
			name = Debug;
		};
		742A699C3001B2A1004A94F8 /* Release */ = {
			isa = XCBuildConfiguration;
			buildSettings = {
				BUNDLE_LOADER = "$(TEST_HOST)";
				CODE_SIGN_STYLE = Automatic;
				CURRENT_PROJECT_VERSION = 1;
				DEVELOPMENT_TEAM = H985296YAP;
				GENERATE_INFOPLIST_FILE = YES;
				MARKETING_VERSION = 1.0;
				PRODUCT_BUNDLE_IDENTIFIER = com.kawasoe.KaimonoListTests;
				PRODUCT_NAME = "$(TARGET_NAME)";
				STRING_CATALOG_GENERATE_SYMBOLS = NO;
				SWIFT_APPROACHABLE_CONCURRENCY = YES;
				SWIFT_EMIT_LOC_STRINGS = NO;
				SWIFT_UPCOMING_FEATURE_MEMBER_IMPORT_VISIBILITY = YES;
				SWIFT_VERSION = 5.0;
				TARGETED_DEVICE_FAMILY = "1,2";
				TEST_HOST = "$(BUILT_PRODUCTS_DIR)/KaimonoList.app/$(BUNDLE_EXECUTABLE_FOLDER_PATH)/KaimonoList";
			};
			name = Release;
		};
		74693FDA300C80C900B0979A /* Debug */ = {
			isa = XCBuildConfiguration;
			buildSettings = {
				ASSETCATALOG_COMPILER_GLOBAL_ACCENT_COLOR_NAME = AccentColor;
				ASSETCATALOG_COMPILER_WIDGET_BACKGROUND_COLOR_NAME = WidgetBackground;
				CODE_SIGN_ENTITLEMENTS = KaimonoListWidgetExtension.entitlements;
				CODE_SIGN_IDENTITY = "Apple Development";
				CODE_SIGN_STYLE = Automatic;
				CURRENT_PROJECT_VERSION = 1;
				DEVELOPMENT_TEAM = H985296YAP;
				GENERATE_INFOPLIST_FILE = YES;
				INFOPLIST_FILE = KaimonoListWidget/Info.plist;
				INFOPLIST_KEY_CFBundleDisplayName = KaimonoListWidget;
				INFOPLIST_KEY_NSHumanReadableCopyright = "";
				LD_RUNPATH_SEARCH_PATHS = (
					"$(inherited)",
					"@executable_path/Frameworks",
					"@executable_path/../../Frameworks",
				);
				MARKETING_VERSION = 1.0;
				PRODUCT_BUNDLE_IDENTIFIER = com.kawasoe.KaimonoList.KaimonoListWidget;
				PRODUCT_NAME = "$(TARGET_NAME)";
				SKIP_INSTALL = YES;
				STRING_CATALOG_GENERATE_SYMBOLS = YES;
				SWIFT_APPROACHABLE_CONCURRENCY = YES;
				SWIFT_EMIT_LOC_STRINGS = YES;
				SWIFT_UPCOMING_FEATURE_MEMBER_IMPORT_VISIBILITY = YES;
				SWIFT_VERSION = 5.0;
				TARGETED_DEVICE_FAMILY = "1,2";
			};
			name = Debug;
		};
		74693FDB300C80C900B0979A /* Release */ = {
			isa = XCBuildConfiguration;
			buildSettings = {
				ASSETCATALOG_COMPILER_GLOBAL_ACCENT_COLOR_NAME = AccentColor;
				ASSETCATALOG_COMPILER_WIDGET_BACKGROUND_COLOR_NAME = WidgetBackground;
				CODE_SIGN_ENTITLEMENTS = KaimonoListWidgetExtension.entitlements;
				CODE_SIGN_IDENTITY = "Apple Development";
				CODE_SIGN_STYLE = Automatic;
				CURRENT_PROJECT_VERSION = 1;
				DEVELOPMENT_TEAM = H985296YAP;
				GENERATE_INFOPLIST_FILE = YES;
				INFOPLIST_FILE = KaimonoListWidget/Info.plist;
				INFOPLIST_KEY_CFBundleDisplayName = KaimonoListWidget;
				INFOPLIST_KEY_NSHumanReadableCopyright = "";
				LD_RUNPATH_SEARCH_PATHS = (
					"$(inherited)",
					"@executable_path/Frameworks",
					"@executable_path/../../Frameworks",
				);
				MARKETING_VERSION = 1.0;
				PRODUCT_BUNDLE_IDENTIFIER = com.kawasoe.KaimonoList.KaimonoListWidget;
				PRODUCT_NAME = "$(TARGET_NAME)";
				SKIP_INSTALL = YES;
				STRING_CATALOG_GENERATE_SYMBOLS = YES;
				SWIFT_APPROACHABLE_CONCURRENCY = YES;
				SWIFT_EMIT_LOC_STRINGS = YES;
				SWIFT_UPCOMING_FEATURE_MEMBER_IMPORT_VISIBILITY = YES;
				SWIFT_VERSION = 5.0;
				TARGETED_DEVICE_FAMILY = "1,2";
			};
			name = Release;
		};
/* End XCBuildConfiguration section */

/* Begin XCConfigurationList section */
		742A695F30019BD5004A94F8 /* Build configuration list for PBXProject "KaimonoList" */ = {
			isa = XCConfigurationList;
			buildConfigurations = (
				742A696D30019BD6004A94F8 /* Debug */,
				742A696E30019BD6004A94F8 /* Release */,
			);
			defaultConfigurationIsVisible = 0;
			defaultConfigurationName = Release;
		};
		742A696F30019BD6004A94F8 /* Build configuration list for PBXNativeTarget "KaimonoList" */ = {
			isa = XCConfigurationList;
			buildConfigurations = (
				742A697030019BD6004A94F8 /* Debug */,
				742A697130019BD6004A94F8 /* Release */,
			);
			defaultConfigurationIsVisible = 0;
			defaultConfigurationName = Release;
		};
		742A699A3001B2A1004A94F8 /* Build configuration list for PBXNativeTarget "KaimonoListTests" */ = {
			isa = XCConfigurationList;
			buildConfigurations = (
				742A699B3001B2A1004A94F8 /* Debug */,
				742A699C3001B2A1004A94F8 /* Release */,
			);
			defaultConfigurationIsVisible = 0;
			defaultConfigurationName = Release;
		};
		74693FD9300C80C900B0979A /* Build configuration list for PBXNativeTarget "KaimonoListWidgetExtension" */ = {
			isa = XCConfigurationList;
			buildConfigurations = (
				74693FDA300C80C900B0979A /* Debug */,
				74693FDB300C80C900B0979A /* Release */,
			);
			defaultConfigurationIsVisible = 0;
			defaultConfigurationName = Release;
		};
/* End XCConfigurationList section */

/* Begin XCRemoteSwiftPackageReference section */
		742A697230019D29004A94F8 /* XCRemoteSwiftPackageReference "firebase-ios-sdk" */ = {
			isa = XCRemoteSwiftPackageReference;
			repositoryURL = "https://github.com/firebase/firebase-ios-sdk";
			requirement = {
				kind = upToNextMajorVersion;
				minimumVersion = 12.16.0;
			};
		};
/* End XCRemoteSwiftPackageReference section */

/* Begin XCSwiftPackageProductDependency section */
		742A697330019D29004A94F8 /* FirebaseAuth */ = {
			isa = XCSwiftPackageProductDependency;
			package = 742A697230019D29004A94F8 /* XCRemoteSwiftPackageReference "firebase-ios-sdk" */;
			productName = FirebaseAuth;
		};
		742A697530019D29004A94F8 /* FirebaseFirestore */ = {
			isa = XCSwiftPackageProductDependency;
			package = 742A697230019D29004A94F8 /* XCRemoteSwiftPackageReference "firebase-ios-sdk" */;
			productName = FirebaseFirestore;
		};
		747B62723002EBA0006FB049 /* FirebaseMessaging */ = {
			isa = XCSwiftPackageProductDependency;
			package = 742A697230019D29004A94F8 /* XCRemoteSwiftPackageReference "firebase-ios-sdk" */;
			productName = FirebaseMessaging;
		};
/* End XCSwiftPackageProductDependency section */
	};
	rootObject = 742A695C30019BD5004A94F8 /* Project object */;
}
